
Microsoft Visual Studio Solution File, Format Version 12.00
# Visual Studio Version 17
VisualStudioVersion = 17.7.34031.279
MinimumVisualStudioVersion = 10.0.40219.1
Project("{FAE04EC0-301F-11D3-BF4B-00C04F79EFBC}") = "taskss2", "taskss2.csproj", "{27027719-A750-4C6A-8CB0-0B5B3DFB271B}"
EndProject
Global
	GlobalSection(SolutionConfigurationPlatforms) = preSolution
		Debug|Any CPU = Debug|Any CPU
		Release|Any CPU = Release|Any CPU
	EndGlobalSection
	GlobalSection(ProjectConfigurationPlatforms) = postSolution
		{27027719-A750-4C6A-8CB0-0B5B3DFB271B}.Debug|Any CPU.ActiveCfg = Debug|Any CPU
		{27027719-A750-4C6A-8CB0-0B5B3DFB271B}.Debug|Any CPU.Build.0 = Debug|Any CPU
		{27027719-A750-4C6A-8CB0-0B5B3DFB271B}.Release|Any CPU.ActiveCfg = Release|Any CPU
		{27027719-A750-4C6A-8CB0-0B5B3DFB271B}.Release|Any CPU.Build.0 = Release|Any CPU
	EndGlobalSection
	GlobalSection(SolutionProperties) = preSolution
		HideSolutionNode = FALSE
	EndGlobalSection
	GlobalSection(ExtensibilityGlobals) = postSolution
		SolutionGuid = {798FA0C0-3D0B-4D9D-9647-EEA41FE04E0D}
	EndGlobalSection
EndGlobal
